{
  "name": "es-modules",
  "version": "1.0.0",
  "lockfileVersion": 3,
  "requires": true,
  "packages": {
    "": {
      "name": "es-modules",
      "version": "1.0.0",
      "license": "ISC",
      "dependencies": {
        "dinero.js": "^1.9.1",
        "nanoid": "^5.0.7",
        "rxjs": "^7.8.1"
      },
      "devDependencies": {
        "@types/dinero.js": "^1.9.4",
        "typescript": "^5.5.4"
      }
    },
    "node_modules/@types/dinero.js": {
      "version": "1.9.4",
      "resolved": "https://registry.npmjs.org/@types/dinero.js/-/dinero.js-1.9.4.tgz",
      "integrity": "sha512-mtJnan4ajy9MqvoJGVXu0tC9EAAzFjeoKc3d+8AW+H/Od9+8IiC59ymjrZF+JdTToyDvkLReacTsc50Z8eYr6Q==",
      "dev": true
    },
    "node_modules/dinero.js": {
      "version": "1.9.1",
      "resolved": "https://registry.npmjs.org/dinero.js/-/dinero.js-1.9.1.tgz",
      "integrity": "sha512-1HXiF2vv3ZeRQ23yr+9lFxj/PbZqutuYWJnE0qfCB9xYBPnuaJ8lXtli1cJM0TvUXW1JTOaePldmqN5JVNxKSA==",
      "engines": {
        "node": "*"
      }
    },
    "node_modules/nanoid": {
      "version": "5.0.7",
      "resolved": "https://registry.npmjs.org/nanoid/-/nanoid-5.0.7.tgz",
      "integrity": "sha512-oLxFY2gd2IqnjcYyOXD8XGCftpGtZP2AbHbOkthDkvRywH5ayNtPVy9YlOPcHckXzbLTCHpkb7FB+yuxKV13pQ==",
      "funding": [
        {
          "type": "github",
          "url": "https://github.com/sponsors/ai"
        }
      ],
      "bin": {
        "nanoid": "bin/nanoid.js"
      },
      "engines": {
        "node": "^18 || >=20"
      }
    },
    "node_modules/rxjs": {
      "version": "7.8.1",
      "resolved": "https://registry.npmjs.org/rxjs/-/rxjs-7.8.1.tgz",
      "integrity": "sha512-AA3TVj+0A2iuIoQkWEK/tqFjBq2j+6PO6Y0zJcvzLAFhEFIO3HL0vls9hWLncZbAAbK0mar7oZ4V079I/qPMxg==",
      "dependencies": {
        "tslib": "^2.1.0"
      }
    },
    "node_modules/tslib": {
      "version": "2.6.3",
      "resolved": "https://registry.npmjs.org/tslib/-/tslib-2.6.3.tgz",
      "integrity": "sha512-xNvxJEOUiWPGhUuUdQgAJPKOOJfGnIyKySOc09XkKsgdUV/3E2zvwZYdejjmRgPCgcym1juLH3226yA7sEFJKQ=="
    },
    "node_modules/typescript": {
      "version": "5.5.4",
      "resolved": "https://registry.npmjs.org/typescript/-/typescript-5.5.4.tgz",
      "integrity": "sha512-Mtq29sKDAEYP7aljRgtPOpTvOfbwRWlS6dPRzwjdE+C0R4brX/GUyhHSecbHMFLNBLcJIPt9nl9yG5TZ1weH+Q==",
      "dev": true,
      "bin": {
        "tsc": "bin/tsc",
        "tsserver": "bin/tsserver"
      },
      "engines": {
        "node": ">=14.17"
      }
    }
  }
}
